{
  "name": "daily-logs",
  "version": "1.0.0",
  "lockfileVersion": 1,
  "requires": true,
  "dependencies": {
    "async-validator": {
      "version": "1.8.5",
      "resolved": "http://139.9.155.109:63394/async-validator/-/async-validator-1.8.5.tgz",
      "integrity": "sha512-tXBM+1m056MAX0E8TL2iCjg8WvSyXu0Zc8LNtYqrVeyoL3+esHRZ4SieE9fKQyyU09uONjnMEjrNBMqT0mbvmA==",
      "requires": {
        "babel-runtime": "6.x"
      }
    },
    "babel-helper-vue-jsx-merge-props": {
      "version": "2.0.3",
      "resolved": "http://139.9.155.109:63394/babel-helper-vue-jsx-merge-props/-/babel-helper-vue-jsx-merge-props-2.0.3.tgz",
      "integrity": "sha512-gsLiKK7Qrb7zYJNgiXKpXblxbV5ffSwR0f5whkPAaBAR4fhi6bwRZxX9wBlIc5M/v8CCkXUbXZL4N/nSE97cqg=="
    },
    "babel-runtime": {
      "version": "6.26.0",
      "resolved": "http://139.9.155.109:63394/babel-runtime/-/babel-runtime-6.26.0.tgz",
      "integrity": "sha1-llxwWGaOgrVde/4E/yM3vItWR/4=",
      "requires": {
        "core-js": "^2.4.0",
        "regenerator-runtime": "^0.11.0"
      }
    },
    "core-js": {
      "version": "2.6.11",
      "resolved": "http://139.9.155.109:63394/core-js/-/core-js-2.6.11.tgz",
      "integrity": "sha512-5wjnpaT/3dV+XB4borEsnAYQchn00XSgTAWKDkEqv+K8KevjbzmofK6hfJ9TZIlpj2N0xQpazy7PiRQiWHqzWg=="
    },
    "deepmerge": {
      "version": "1.5.2",
      "resolved": "http://139.9.155.109:63394/deepmerge/-/deepmerge-1.5.2.tgz",
      "integrity": "sha512-95k0GDqvBjZavkuvzx/YqVLv/6YYa17fz6ILMSf7neqQITCPbnfEnQvEgMPNjH4kgobe7+WIL0yJEHku+H3qtQ=="
    },
    "echarts": {
      "version": "4.7.0",
      "resolved": "https://registry.npmjs.org/echarts/-/echarts-4.7.0.tgz",
      "integrity": "sha512-NlOTdUcAsIyCCG+N4uh0ZEvXtrPW2jvcuqf03RyqYeCKzyPbiOQ4I3MdKXMhxG3lBdqQNdNXVT71SB4KTQjN0A==",
      "requires": {
        "zrender": "4.3.0"
      }
    },
    "element-ui": {
      "version": "2.13.1",
      "resolved": "http://139.9.155.109:63394/element-ui/-/element-ui-2.13.1.tgz",
      "integrity": "sha512-jyvJmXa2c6ElRc4NOw4V1vnjHsvfzTRhbwElZ68CyF9by2F64B+AJRzujg/HJgXCimHwd2g1Av9D04EP3mWymg==",
      "requires": {
        "async-validator": "~1.8.1",
        "babel-helper-vue-jsx-merge-props": "^2.0.0",
        "deepmerge": "^1.2.0",
        "normalize-wheel": "^1.0.1",
        "resize-observer-polyfill": "^1.5.0",
        "throttle-debounce": "^1.0.1"
      }
    },
    "normalize-wheel": {
      "version": "1.0.1",
      "resolved": "http://139.9.155.109:63394/normalize-wheel/-/normalize-wheel-1.0.1.tgz",
      "integrity": "sha1-rsiGr/2wRQcNhWRH32Ls+GFG7EU="
    },
    "regenerator-runtime": {
      "version": "0.11.1",
      "resolved": "http://139.9.155.109:63394/regenerator-runtime/-/regenerator-runtime-0.11.1.tgz",
      "integrity": "sha512-MguG95oij0fC3QV3URf4V2SDYGJhJnJGqvIIgdECeODCT98wSWDAJ94SSuVpYQUoTcGUIL6L4yNB7j1DFFHSBg=="
    },
    "resize-observer-polyfill": {
      "version": "1.5.1",
      "resolved": "http://139.9.155.109:63394/resize-observer-polyfill/-/resize-observer-polyfill-1.5.1.tgz",
      "integrity": "sha512-LwZrotdHOo12nQuZlHEmtuXdqGoOD0OhaxopaNFxWzInpEgaLWoVuAMbTzixuosCx2nEG58ngzW3vxdWoxIgdg=="
    },
    "throttle-debounce": {
      "version": "1.1.0",
      "resolved": "http://139.9.155.109:63394/throttle-debounce/-/throttle-debounce-1.1.0.tgz",
      "integrity": "sha512-XH8UiPCQcWNuk2LYePibW/4qL97+ZQ1AN3FNXwZRBNPPowo/NRU5fAlDCSNBJIYCKbioZfuYtMhG4quqoJhVzg=="
    },
    "vue-beauty": {
      "version": "2.0.0-beta.19",
      "resolved": "http://139.9.155.109:63394/vue-beauty/-/vue-beauty-2.0.0-beta.19.tgz",
      "integrity": "sha512-3xYGSICS8Op+AabGNL3udzfDgX0waKBig9OROijpdhqqA3D3GnjHeGrTOXpTMeQOae9D3NnyxS3UanRBTEZVQw==",
      "requires": {
        "async-validator": "^1.8.2",
        "autosize": "^4.0.1",
        "core-js": "^2.5.5",
        "date-fns": "^1.29.0",
        "deepmerge": "^2.1.0",
        "lodash": "^4.17.5",
        "popper.js": "^0.6.4"
      },
      "dependencies": {
        "async-validator": {
          "version": "1.12.2",
          "resolved": "http://139.9.155.109:63394/async-validator/-/async-validator-1.12.2.tgz",
          "integrity": "sha512-57EETfCPFiB7M4QscvQzWSGNsmtkjjzZv318SK1CBlstk+hycV72ocjriMOOM48HjvmoAoJGpJNjC7Z76RlnZA=="
        },
        "autosize": {
          "version": "4.0.2",
          "resolved": "http://139.9.155.109:63394/autosize/-/autosize-4.0.2.tgz",
          "integrity": "sha512-jnSyH2d+qdfPGpWlcuhGiHmqBJ6g3X+8T+iRwFrHPLVcdoGJE/x6Qicm6aDHfTsbgZKxyV8UU/YB2p4cjKDRRA=="
        },
        "core-js": {
          "version": "2.6.11",
          "resolved": "http://139.9.155.109:63394/core-js/-/core-js-2.6.11.tgz",
          "integrity": "sha512-5wjnpaT/3dV+XB4borEsnAYQchn00XSgTAWKDkEqv+K8KevjbzmofK6hfJ9TZIlpj2N0xQpazy7PiRQiWHqzWg=="
        },
        "date-fns": {
          "version": "1.30.1",
          "resolved": "http://139.9.155.109:63394/date-fns/-/date-fns-1.30.1.tgz",
          "integrity": "sha512-hBSVCvSmWC+QypYObzwGOd9wqdDpOt+0wl0KbU+R+uuZBS1jN8VsD1ss3irQDknRj5NvxiTF6oj/nDRnN/UQNw=="
        },
        "deepmerge": {
          "version": "2.2.1",
          "resolved": "http://139.9.155.109:63394/deepmerge/-/deepmerge-2.2.1.tgz",
          "integrity": "sha512-R9hc1Xa/NOBi9WRVUWg19rl1UB7Tt4kuPd+thNJgFZoxXsTz7ncaPaeIm+40oSGuP33DfMb4sZt1QIGiJzC4EA=="
        },
        "lodash": {
          "version": "4.17.15",
          "resolved": "http://139.9.155.109:63394/lodash/-/lodash-4.17.15.tgz",
          "integrity": "sha512-8xOcRHvCjnocdS5cpwXQXVzmmh5e5+saE2QGoeQmbKmRS6J3VQppPOIt0MnmE+4xlZoumy0GPG0D0MVIQbNA1A=="
        },
        "popper.js": {
          "version": "0.6.4",
          "resolved": "http://139.9.155.109:63394/popper.js/-/popper.js-0.6.4.tgz",
          "integrity": "sha1-GDfEdgr1TSuyC2b5wJuSmT2Exik="
        }
      }
    },
    "zrender": {
      "version": "4.3.0",
      "resolved": "https://registry.npmjs.org/zrender/-/zrender-4.3.0.tgz",
      "integrity": "sha512-Dii6j2bDsPkxQayuVf2DXJeruIB/mKVxxcGRZQ9GExiBd4c3w7+oBuvo1O/JGHeFeA1nCmSDVDs/S7yKZG1nrA=="
    }
  }
}
